
Microsoft Visual Studio Solution File, Format Version 12.00
# Visual Studio Version 16
VisualStudioVersion = 16.0.30225.117
MinimumVisualStudioVersion = 10.0.40219.1
Project("{FAE04EC0-301F-11D3-BF4B-00C04F79EFBC}") = "VPBank_Test", "VPBank_Test\VPBank_Test.csproj", "{81EB9D46-73B1-47F1-88B8-84CFEE0F1595}"
EndProject
Project("{FAE04EC0-301F-11D3-BF4B-00C04F79EFBC}") = "Common", "Common\Common.csproj", "{0FC97AC1-E6B0-4BD5-BA75-A375EF719BF2}"
EndProject
Project("{FAE04EC0-301F-11D3-BF4B-00C04F79EFBC}") = "DataAccessLayer", "DataAccessLayer\DataAccessLayer.csproj", "{FA3E6A4D-0A8E-43CD-8D7D-58F076FC018F}"
EndProject
Project("{FAE04EC0-301F-11D3-BF4B-00C04F79EFBC}") = "BusinessFacadeLayer", "BusinessFacadeLayer\BusinessFacadeLayer.csproj", "{7FFE1850-D8BE-48E4-81E9-D588774C9246}"
EndProject
Project("{FAE04EC0-301F-11D3-BF4B-00C04F79EFBC}") = "ObjectInfo", "ObjectInfo\ObjectInfo.csproj", "{882DA4C7-7ACC-43BB-B55B-53163D71FBA7}"
EndProject
Global
	GlobalSection(SolutionConfigurationPlatforms) = preSolution
		Debug|Any CPU = Debug|Any CPU
		Release|Any CPU = Release|Any CPU
	EndGlobalSection
	GlobalSection(ProjectConfigurationPlatforms) = postSolution
		{81EB9D46-73B1-47F1-88B8-84CFEE0F1595}.Debug|Any CPU.ActiveCfg = Debug|Any CPU
		{81EB9D46-73B1-47F1-88B8-84CFEE0F1595}.Debug|Any CPU.Build.0 = Debug|Any CPU
		{81EB9D46-73B1-47F1-88B8-84CFEE0F1595}.Release|Any CPU.ActiveCfg = Release|Any CPU
		{81EB9D46-73B1-47F1-88B8-84CFEE0F1595}.Release|Any CPU.Build.0 = Release|Any CPU
		{0FC97AC1-E6B0-4BD5-BA75-A375EF719BF2}.Debug|Any CPU.ActiveCfg = Debug|Any CPU
		{0FC97AC1-E6B0-4BD5-BA75-A375EF719BF2}.Debug|Any CPU.Build.0 = Debug|Any CPU
		{0FC97AC1-E6B0-4BD5-BA75-A375EF719BF2}.Release|Any CPU.ActiveCfg = Release|Any CPU
		{0FC97AC1-E6B0-4BD5-BA75-A375EF719BF2}.Release|Any CPU.Build.0 = Release|Any CPU
		{FA3E6A4D-0A8E-43CD-8D7D-58F076FC018F}.Debug|Any CPU.ActiveCfg = Debug|Any CPU
		{FA3E6A4D-0A8E-43CD-8D7D-58F076FC018F}.Debug|Any CPU.Build.0 = Debug|Any CPU
		{FA3E6A4D-0A8E-43CD-8D7D-58F076FC018F}.Release|Any CPU.ActiveCfg = Release|Any CPU
		{FA3E6A4D-0A8E-43CD-8D7D-58F076FC018F}.Release|Any CPU.Build.0 = Release|Any CPU
		{7FFE1850-D8BE-48E4-81E9-D588774C9246}.Debug|Any CPU.ActiveCfg = Debug|Any CPU
		{7FFE1850-D8BE-48E4-81E9-D588774C9246}.Debug|Any CPU.Build.0 = Debug|Any CPU
		{7FFE1850-D8BE-48E4-81E9-D588774C9246}.Release|Any CPU.ActiveCfg = Release|Any CPU
		{7FFE1850-D8BE-48E4-81E9-D588774C9246}.Release|Any CPU.Build.0 = Release|Any CPU
		{882DA4C7-7ACC-43BB-B55B-53163D71FBA7}.Debug|Any CPU.ActiveCfg = Debug|Any CPU
		{882DA4C7-7ACC-43BB-B55B-53163D71FBA7}.Debug|Any CPU.Build.0 = Debug|Any CPU
		{882DA4C7-7ACC-43BB-B55B-53163D71FBA7}.Release|Any CPU.ActiveCfg = Release|Any CPU
		{882DA4C7-7ACC-43BB-B55B-53163D71FBA7}.Release|Any CPU.Build.0 = Release|Any CPU
	EndGlobalSection
	GlobalSection(SolutionProperties) = preSolution
		HideSolutionNode = FALSE
	EndGlobalSection
	GlobalSection(ExtensibilityGlobals) = postSolution
		SolutionGuid = {E48BA680-66DA-47B6-969A-297CD6599148}
	EndGlobalSection
EndGlobal
